
Microsoft Visual Studio Solution File, Format Version 12.00
# Visual Studio 2017
Project("{FAE04EC0-301F-11D3-BF4B-00C04F79EFBC}") = "kurs unity 3", "kurs unity 3.csproj", "{44A82DD4-830E-30C8-78FE-BA55C9E0FFC3}"
EndProject
Global
	GlobalSection(SolutionConfigurationPlatforms) = preSolution
		Debug|Any CPU = Debug|Any CPU
		Release|Any CPU = Release|Any CPU
	EndGlobalSection
	GlobalSection(ProjectConfigurationPlatforms) = postSolution
		{44A82DD4-830E-30C8-78FE-BA55C9E0FFC3}.Debug|Any CPU.ActiveCfg = Debug|Any CPU
		{44A82DD4-830E-30C8-78FE-BA55C9E0FFC3}.Debug|Any CPU.Build.0 = Debug|Any CPU
		{44A82DD4-830E-30C8-78FE-BA55C9E0FFC3}.Release|Any CPU.ActiveCfg = Release|Any CPU
		{44A82DD4-830E-30C8-78FE-BA55C9E0FFC3}.Release|Any CPU.Build.0 = Release|Any CPU
	EndGlobalSection
	GlobalSection(SolutionProperties) = preSolution
		HideSolutionNode = FALSE
	EndGlobalSection
EndGlobal
